
Microsoft Visual Studio Solution File, Format Version 12.00
# Visual Studio Version 17
VisualStudioVersion = 17.13.35931.197 d17.13
MinimumVisualStudioVersion = 10.0.40219.1
Project("{FAE04EC0-301F-11D3-BF4B-00C04F79EFBC}") = "school-management", "school-management\school-management.csproj", "{EAE29CC2-5FB4-41F9-B17D-0CE5C9A72C13}"
EndProject
Global
	GlobalSection(SolutionConfigurationPlatforms) = preSolution
		Debug|Any CPU = Debug|Any CPU
		Release|Any CPU = Release|Any CPU
	EndGlobalSection
	GlobalSection(ProjectConfigurationPlatforms) = postSolution
		{EAE29CC2-5FB4-41F9-B17D-0CE5C9A72C13}.Debug|Any CPU.ActiveCfg = Debug|Any CPU
		{EAE29CC2-5FB4-41F9-B17D-0CE5C9A72C13}.Debug|Any CPU.Build.0 = Debug|Any CPU
		{EAE29CC2-5FB4-41F9-B17D-0CE5C9A72C13}.Release|Any CPU.ActiveCfg = Release|Any CPU
		{EAE29CC2-5FB4-41F9-B17D-0CE5C9A72C13}.Release|Any CPU.Build.0 = Release|Any CPU
	EndGlobalSection
	GlobalSection(SolutionProperties) = preSolution
		HideSolutionNode = FALSE
	EndGlobalSection
	GlobalSection(ExtensibilityGlobals) = postSolution
		SolutionGuid = {4039B320-06B1-4B31-914C-4C0E390EB520}
	EndGlobalSection
EndGlobal
